
Microsoft Visual Studio Solution File, Format Version 12.00
# Visual Studio Version 16
VisualStudioVersion = 16.0.29306.81
MinimumVisualStudioVersion = 10.0.40219.1
Project("{FAE04EC0-301F-11D3-BF4B-00C04F79EFBC}") = "Runpath.Api", "Runpath.Api\Runpath.Api.csproj", "{74AAFF04-6333-47C2-844E-A1B04750E207}"
EndProject
Project("{FAE04EC0-301F-11D3-BF4B-00C04F79EFBC}") = "Runpath.Tests", "Runpath.Tests\Runpath.Tests.csproj", "{471DBB25-F2A1-43F9-945A-41B5646152A0}"
EndProject
Global
	GlobalSection(SolutionConfigurationPlatforms) = preSolution
		Debug|Any CPU = Debug|Any CPU
		Release|Any CPU = Release|Any CPU
	EndGlobalSection
	GlobalSection(ProjectConfigurationPlatforms) = postSolution
		{74AAFF04-6333-47C2-844E-A1B04750E207}.Debug|Any CPU.ActiveCfg = Debug|Any CPU
		{74AAFF04-6333-47C2-844E-A1B04750E207}.Debug|Any CPU.Build.0 = Debug|Any CPU
		{74AAFF04-6333-47C2-844E-A1B04750E207}.Release|Any CPU.ActiveCfg = Release|Any CPU
		{74AAFF04-6333-47C2-844E-A1B04750E207}.Release|Any CPU.Build.0 = Release|Any CPU
		{471DBB25-F2A1-43F9-945A-41B5646152A0}.Debug|Any CPU.ActiveCfg = Debug|Any CPU
		{471DBB25-F2A1-43F9-945A-41B5646152A0}.Debug|Any CPU.Build.0 = Debug|Any CPU
		{471DBB25-F2A1-43F9-945A-41B5646152A0}.Release|Any CPU.ActiveCfg = Release|Any CPU
		{471DBB25-F2A1-43F9-945A-41B5646152A0}.Release|Any CPU.Build.0 = Release|Any CPU
	EndGlobalSection
	GlobalSection(SolutionProperties) = preSolution
		HideSolutionNode = FALSE
	EndGlobalSection
	GlobalSection(ExtensibilityGlobals) = postSolution
		SolutionGuid = {A5550885-231C-4E47-AD7F-AA7E4C77B393}
	EndGlobalSection
EndGlobal
